
Microsoft Visual Studio Solution File, Format Version 12.00
# Visual Studio 15
VisualStudioVersion = 15.0.28307.705
MinimumVisualStudioVersion = 10.0.40219.1
Project("{9A19103F-16F7-4668-BE54-9A1E7A4F7556}") = "WebApplication3", "WebApplication3\WebApplication3.csproj", "{645E5E2A-4D85-4076-92DF-58AE8FD72A34}"
EndProject
Project("{9A19103F-16F7-4668-BE54-9A1E7A4F7556}") = "queryconsul1", "queryconsul1\queryconsul1.csproj", "{9FA0A4BD-EFC7-49CE-820D-3C540EB2C9D3}"
EndProject
Project("{9A19103F-16F7-4668-BE54-9A1E7A4F7556}") = "RestTools", "RestTools\RestTools.csproj", "{AABD8407-1431-4B5C-97C9-2DAB2AF758CD}"
EndProject
Project("{9A19103F-16F7-4668-BE54-9A1E7A4F7556}") = "consume", "consume\consume.csproj", "{F8C8993C-C27E-4104-8BB7-9D35037C1B1A}"
EndProject
Project("{9A19103F-16F7-4668-BE54-9A1E7A4F7556}") = "hystrixtest", "hystrixtest\hystrixtest.csproj", "{48D87E77-EADB-4B2E-A1C6-9C13DEFD9CC2}"
EndProject
Project("{9A19103F-16F7-4668-BE54-9A1E7A4F7556}") = "aspnetcorehystrix", "aspnetcorehystrix\aspnetcorehystrix.csproj", "{1D337244-941D-4C20-9970-5762F3935747}"
EndProject
Project("{9A19103F-16F7-4668-BE54-9A1E7A4F7556}") = "aspnetcorehystrixwebapi", "aspnetcorehystrixwebapi\aspnetcorehystrixwebapi.csproj", "{D22B87F3-2978-4CC5-B42C-65CC7BC7C20B}"
EndProject
Project("{9A19103F-16F7-4668-BE54-9A1E7A4F7556}") = "smsservice1", "smsservice1\smsservice1.csproj", "{C98673DC-51FA-41D7-B23D-D5F399EE2A35}"
EndProject
Project("{9A19103F-16F7-4668-BE54-9A1E7A4F7556}") = "emailservice1", "emailservice1\emailservice1.csproj", "{04893A5D-7A67-4BC8-A0DB-C7FFFA454D49}"
EndProject
Project("{9A19103F-16F7-4668-BE54-9A1E7A4F7556}") = "ocelotserver1", "ocelotserver1\ocelotserver1.csproj", "{DCABF766-9278-443E-BDDF-DF30136E9277}"
EndProject
Project("{FAE04EC0-301F-11D3-BF4B-00C04F79EFBC}") = "jwttest1", "jwttest1\jwttest1.csproj", "{C5F4B4BD-95F1-4C0F-AA6F-D1C01243F410}"
EndProject
Project("{FAE04EC0-301F-11D3-BF4B-00C04F79EFBC}") = "JWTTokenServer1", "JWTTokenServer1\JWTTokenServer1.csproj", "{24365526-0705-423A-A85C-9535861E0F93}"
EndProject
Project("{FAE04EC0-301F-11D3-BF4B-00C04F79EFBC}") = "calcservice3", "calcservice3\calcservice3.csproj", "{FA0BACC6-8400-4A82-B250-A0F1D1250081}"
EndProject
Project("{FAE04EC0-301F-11D3-BF4B-00C04F79EFBC}") = "ocelotserver3", "ocelotserver3\ocelotserver3.csproj", "{B92575BD-9C32-421D-99A0-BB06F1E26F13}"
EndProject
Global
	GlobalSection(SolutionConfigurationPlatforms) = preSolution
		Debug|Any CPU = Debug|Any CPU
		Release|Any CPU = Release|Any CPU
	EndGlobalSection
	GlobalSection(ProjectConfigurationPlatforms) = postSolution
		{645E5E2A-4D85-4076-92DF-58AE8FD72A34}.Debug|Any CPU.ActiveCfg = Debug|Any CPU
		{645E5E2A-4D85-4076-92DF-58AE8FD72A34}.Debug|Any CPU.Build.0 = Debug|Any CPU
		{645E5E2A-4D85-4076-92DF-58AE8FD72A34}.Release|Any CPU.ActiveCfg = Release|Any CPU
		{645E5E2A-4D85-4076-92DF-58AE8FD72A34}.Release|Any CPU.Build.0 = Release|Any CPU
		{9FA0A4BD-EFC7-49CE-820D-3C540EB2C9D3}.Debug|Any CPU.ActiveCfg = Debug|Any CPU
		{9FA0A4BD-EFC7-49CE-820D-3C540EB2C9D3}.Debug|Any CPU.Build.0 = Debug|Any CPU
		{9FA0A4BD-EFC7-49CE-820D-3C540EB2C9D3}.Release|Any CPU.ActiveCfg = Release|Any CPU
		{9FA0A4BD-EFC7-49CE-820D-3C540EB2C9D3}.Release|Any CPU.Build.0 = Release|Any CPU
		{AABD8407-1431-4B5C-97C9-2DAB2AF758CD}.Debug|Any CPU.ActiveCfg = Debug|Any CPU
		{AABD8407-1431-4B5C-97C9-2DAB2AF758CD}.Debug|Any CPU.Build.0 = Debug|Any CPU
		{AABD8407-1431-4B5C-97C9-2DAB2AF758CD}.Release|Any CPU.ActiveCfg = Release|Any CPU
		{AABD8407-1431-4B5C-97C9-2DAB2AF758CD}.Release|Any CPU.Build.0 = Release|Any CPU
		{F8C8993C-C27E-4104-8BB7-9D35037C1B1A}.Debug|Any CPU.ActiveCfg = Debug|Any CPU
		{F8C8993C-C27E-4104-8BB7-9D35037C1B1A}.Debug|Any CPU.Build.0 = Debug|Any CPU
		{F8C8993C-C27E-4104-8BB7-9D35037C1B1A}.Release|Any CPU.ActiveCfg = Release|Any CPU
		{F8C8993C-C27E-4104-8BB7-9D35037C1B1A}.Release|Any CPU.Build.0 = Release|Any CPU
		{48D87E77-EADB-4B2E-A1C6-9C13DEFD9CC2}.Debug|Any CPU.ActiveCfg = Debug|Any CPU
		{48D87E77-EADB-4B2E-A1C6-9C13DEFD9CC2}.Debug|Any CPU.Build.0 = Debug|Any CPU
		{48D87E77-EADB-4B2E-A1C6-9C13DEFD9CC2}.Release|Any CPU.ActiveCfg = Release|Any CPU
		{48D87E77-EADB-4B2E-A1C6-9C13DEFD9CC2}.Release|Any CPU.Build.0 = Release|Any CPU
		{1D337244-941D-4C20-9970-5762F3935747}.Debug|Any CPU.ActiveCfg = Debug|Any CPU
		{1D337244-941D-4C20-9970-5762F3935747}.Debug|Any CPU.Build.0 = Debug|Any CPU
		{1D337244-941D-4C20-9970-5762F3935747}.Release|Any CPU.ActiveCfg = Release|Any CPU
		{1D337244-941D-4C20-9970-5762F3935747}.Release|Any CPU.Build.0 = Release|Any CPU
		{D22B87F3-2978-4CC5-B42C-65CC7BC7C20B}.Debug|Any CPU.ActiveCfg = Debug|Any CPU
		{D22B87F3-2978-4CC5-B42C-65CC7BC7C20B}.Debug|Any CPU.Build.0 = Debug|Any CPU
		{D22B87F3-2978-4CC5-B42C-65CC7BC7C20B}.Release|Any CPU.ActiveCfg = Release|Any CPU
		{D22B87F3-2978-4CC5-B42C-65CC7BC7C20B}.Release|Any CPU.Build.0 = Release|Any CPU
		{C98673DC-51FA-41D7-B23D-D5F399EE2A35}.Debug|Any CPU.ActiveCfg = Debug|Any CPU
		{C98673DC-51FA-41D7-B23D-D5F399EE2A35}.Debug|Any CPU.Build.0 = Debug|Any CPU
		{C98673DC-51FA-41D7-B23D-D5F399EE2A35}.Release|Any CPU.ActiveCfg = Release|Any CPU
		{C98673DC-51FA-41D7-B23D-D5F399EE2A35}.Release|Any CPU.Build.0 = Release|Any CPU
		{04893A5D-7A67-4BC8-A0DB-C7FFFA454D49}.Debug|Any CPU.ActiveCfg = Debug|Any CPU
		{04893A5D-7A67-4BC8-A0DB-C7FFFA454D49}.Debug|Any CPU.Build.0 = Debug|Any CPU
		{04893A5D-7A67-4BC8-A0DB-C7FFFA454D49}.Release|Any CPU.ActiveCfg = Release|Any CPU
		{04893A5D-7A67-4BC8-A0DB-C7FFFA454D49}.Release|Any CPU.Build.0 = Release|Any CPU
		{DCABF766-9278-443E-BDDF-DF30136E9277}.Debug|Any CPU.ActiveCfg = Debug|Any CPU
		{DCABF766-9278-443E-BDDF-DF30136E9277}.Debug|Any CPU.Build.0 = Debug|Any CPU
		{DCABF766-9278-443E-BDDF-DF30136E9277}.Release|Any CPU.ActiveCfg = Release|Any CPU
		{DCABF766-9278-443E-BDDF-DF30136E9277}.Release|Any CPU.Build.0 = Release|Any CPU
		{C5F4B4BD-95F1-4C0F-AA6F-D1C01243F410}.Debug|Any CPU.ActiveCfg = Debug|Any CPU
		{C5F4B4BD-95F1-4C0F-AA6F-D1C01243F410}.Debug|Any CPU.Build.0 = Debug|Any CPU
		{C5F4B4BD-95F1-4C0F-AA6F-D1C01243F410}.Release|Any CPU.ActiveCfg = Release|Any CPU
		{C5F4B4BD-95F1-4C0F-AA6F-D1C01243F410}.Release|Any CPU.Build.0 = Release|Any CPU
		{24365526-0705-423A-A85C-9535861E0F93}.Debug|Any CPU.ActiveCfg = Debug|Any CPU
		{24365526-0705-423A-A85C-9535861E0F93}.Debug|Any CPU.Build.0 = Debug|Any CPU
		{24365526-0705-423A-A85C-9535861E0F93}.Release|Any CPU.ActiveCfg = Release|Any CPU
		{24365526-0705-423A-A85C-9535861E0F93}.Release|Any CPU.Build.0 = Release|Any CPU
		{FA0BACC6-8400-4A82-B250-A0F1D1250081}.Debug|Any CPU.ActiveCfg = Debug|Any CPU
		{FA0BACC6-8400-4A82-B250-A0F1D1250081}.Debug|Any CPU.Build.0 = Debug|Any CPU
		{FA0BACC6-8400-4A82-B250-A0F1D1250081}.Release|Any CPU.ActiveCfg = Release|Any CPU
		{FA0BACC6-8400-4A82-B250-A0F1D1250081}.Release|Any CPU.Build.0 = Release|Any CPU
		{B92575BD-9C32-421D-99A0-BB06F1E26F13}.Debug|Any CPU.ActiveCfg = Debug|Any CPU
		{B92575BD-9C32-421D-99A0-BB06F1E26F13}.Debug|Any CPU.Build.0 = Debug|Any CPU
		{B92575BD-9C32-421D-99A0-BB06F1E26F13}.Release|Any CPU.ActiveCfg = Release|Any CPU
		{B92575BD-9C32-421D-99A0-BB06F1E26F13}.Release|Any CPU.Build.0 = Release|Any CPU
	EndGlobalSection
	GlobalSection(SolutionProperties) = preSolution
		HideSolutionNode = FALSE
	EndGlobalSection
	GlobalSection(ExtensibilityGlobals) = postSolution
		SolutionGuid = {BA48B701-99F7-4303-AA62-E78518726F5D}
	EndGlobalSection
EndGlobal
